
Microsoft Visual Studio Solution File, Format Version 12.00
# Visual Studio 2012
Project("{FAE04EC0-301F-11D3-BF4B-00C04F79EFBC}") = "Console2", "Console2.csproj", "{6CDE146E-B324-4322-9B06-0083C464C6DB}"
EndProject
Global
	GlobalSection(SolutionConfigurationPlatforms) = preSolution
		Debug|Any CPU = Debug|Any CPU
		Release|Any CPU = Release|Any CPU
	EndGlobalSection
	GlobalSection(ProjectConfigurationPlatforms) = postSolution
		{6CDE146E-B324-4322-9B06-0083C464C6DB}.Debug|Any CPU.ActiveCfg = Debug|Any CPU
		{6CDE146E-B324-4322-9B06-0083C464C6DB}.Debug|Any CPU.Build.0 = Debug|Any CPU
		{6CDE146E-B324-4322-9B06-0083C464C6DB}.Release|Any CPU.ActiveCfg = Release|Any CPU
		{6CDE146E-B324-4322-9B06-0083C464C6DB}.Release|Any CPU.Build.0 = Release|Any CPU
	EndGlobalSection
	GlobalSection(SolutionProperties) = preSolution
		HideSolutionNode = FALSE
	EndGlobalSection
EndGlobal
